
Microsoft Visual Studio Solution File, Format Version 12.00
Project("{2150E333-8FDC-42A3-9474-1A3956D46DE8}") = "Chapter 1", "Chapter 1", "{F7C54E30-439B-4208-A8A3-19DD1B6094C4}"
EndProject
Project("{2150E333-8FDC-42A3-9474-1A3956D46DE8}") = "Chapter 2", "Chapter 2", "{1B5058A0-4E73-4D9A-A118-3AAC4AD79692}"
EndProject
Project("{FAE04EC0-301F-11D3-BF4B-00C04F79EFBC}") = "2-1-Generics", "2-1-Generics\2-1-Generics.csproj", "{6DF34BC5-FCBE-4BF3-A8C7-292BCD4BF54C}"
EndProject
Global
	GlobalSection(SolutionConfigurationPlatforms) = preSolution
		Debug|Any CPU = Debug|Any CPU
		Release|Any CPU = Release|Any CPU
	EndGlobalSection
	GlobalSection(NestedProjects) = preSolution
		{6DF34BC5-FCBE-4BF3-A8C7-292BCD4BF54C} = {1B5058A0-4E73-4D9A-A118-3AAC4AD79692}
	EndGlobalSection
	GlobalSection(ProjectConfigurationPlatforms) = postSolution
		{6DF34BC5-FCBE-4BF3-A8C7-292BCD4BF54C}.Debug|Any CPU.ActiveCfg = Debug|Any CPU
		{6DF34BC5-FCBE-4BF3-A8C7-292BCD4BF54C}.Debug|Any CPU.Build.0 = Debug|Any CPU
		{6DF34BC5-FCBE-4BF3-A8C7-292BCD4BF54C}.Release|Any CPU.ActiveCfg = Release|Any CPU
		{6DF34BC5-FCBE-4BF3-A8C7-292BCD4BF54C}.Release|Any CPU.Build.0 = Release|Any CPU
	EndGlobalSection
EndGlobal
